
Microsoft Visual Studio Solution File, Format Version 12.00
# Visual Studio Version 17
VisualStudioVersion = 17.8.34322.80
MinimumVisualStudioVersion = 10.0.40219.1
Project("{FAE04EC0-301F-11D3-BF4B-00C04F79EFBC}") = "Assi3_PRN221", "Assi3_PRN221\Assi3_PRN221.csproj", "{115B6E25-3DEF-43B3-AB40-4A1E920A7E47}"
EndProject
Global
	GlobalSection(SolutionConfigurationPlatforms) = preSolution
		Debug|Any CPU = Debug|Any CPU
		Release|Any CPU = Release|Any CPU
	EndGlobalSection
	GlobalSection(ProjectConfigurationPlatforms) = postSolution
		{115B6E25-3DEF-43B3-AB40-4A1E920A7E47}.Debug|Any CPU.ActiveCfg = Debug|Any CPU
		{115B6E25-3DEF-43B3-AB40-4A1E920A7E47}.Debug|Any CPU.Build.0 = Debug|Any CPU
		{115B6E25-3DEF-43B3-AB40-4A1E920A7E47}.Release|Any CPU.ActiveCfg = Release|Any CPU
		{115B6E25-3DEF-43B3-AB40-4A1E920A7E47}.Release|Any CPU.Build.0 = Release|Any CPU
	EndGlobalSection
	GlobalSection(SolutionProperties) = preSolution
		HideSolutionNode = FALSE
	EndGlobalSection
	GlobalSection(ExtensibilityGlobals) = postSolution
		SolutionGuid = {A59E9438-0A28-4250-8E83-E31C1EEF3FEF}
	EndGlobalSection
EndGlobal
